
Microsoft Visual Studio Solution File, Format Version 12.00
# Visual Studio 2010
Project("{FAE04EC0-301F-11D3-BF4B-00C04F79EFBC}") = "SalesOrderMVP", "Advanced\SalesOrderMVP (.NET)\SalesOrderMVP.csproj", "{65F6DB34-39CD-4748-944E-D770971BAFDC}"
EndProject
Project("{FAE04EC0-301F-11D3-BF4B-00C04F79EFBC}") = "ExchangeRates", "Intermediate\ExchangeRates (.NET)\ExchangeRates.csproj", "{6A4C98A9-F286-4903-9072-EF5B995E28AF}"
EndProject
Project("{FAE04EC0-301F-11D3-BF4B-00C04F79EFBC}") = "FoodOrder.Web", "Intermediate\FoodOrder (.NET)\FoodOrder.Web\FoodOrder.Web.csproj", "{91B5E2C6-DDC4-4580-B6CC-3BF70283F8DE}"
EndProject
Project("{FAE04EC0-301F-11D3-BF4B-00C04F79EFBC}") = "FoodOrder.Silverlight", "Intermediate\FoodOrder (.NET)\FoodOrder.Silverlight\FoodOrder.Silverlight.csproj", "{798C7619-61C3-4FC8-9C1C-5612356CD5B7}"
EndProject
Project("{FAE04EC0-301F-11D3-BF4B-00C04F79EFBC}") = "HtmlPlugin", "Intermediate\HtmlPlugin (.NET)\HtmlPlugin.csproj", "{3DED053C-9B71-4CD7-BEA2-1CA9963D9C78}"
EndProject
Project("{FAE04EC0-301F-11D3-BF4B-00C04F79EFBC}") = "IsoCountries", "Intermediate\IsoCountries (.NET)\IsoCountries.csproj", "{90F7EFF8-1728-4AEC-9F03-B2734BFC1542}"
EndProject
Project("{FAE04EC0-301F-11D3-BF4B-00C04F79EFBC}") = "QuestionnairePlugin", "Intermediate\QuestionnairePlugin\QuestionnairePlugin.csproj", "{81A89939-E6C7-4EA2-8B28-FA7CEF51A2AF}"
EndProject
Project("{FAE04EC0-301F-11D3-BF4B-00C04F79EFBC}") = "WordTables", "Intermediate\WordTables\WordTables.csproj", "{E76E5BCF-D7C9-41AC-B29A-B1BF6F3166A8}"
EndProject
Project("{FAE04EC0-301F-11D3-BF4B-00C04F79EFBC}") = "DataSetExample", "Beginner\DataSet (.NET)\DataSetExample.csproj", "{D8CAA4F8-5DBA-451A-B52A-AAE1BF26FCAA}"
EndProject
Project("{FAE04EC0-301F-11D3-BF4B-00C04F79EFBC}") = "WordLinks", "Beginner\WordLinks\WordLinks.csproj", "{4C158D75-A416-460F-8F7B-57B0A4815C1A}"
EndProject
Project("{FAE04EC0-301F-11D3-BF4B-00C04F79EFBC}") = "Labels", "Beginner\Labels (.NET)\Labels.csproj", "{25A57D63-D463-4090-817A-A967C2107CBF}"
EndProject
Project("{FAE04EC0-301F-11D3-BF4B-00C04F79EFBC}") = "MailMerge", "Beginner\MailMerge (.NET)\MailMerge.csproj", "{C15803E4-2567-4CFE-AF78-7D1341A4214F}"
EndProject
Project("{FAE04EC0-301F-11D3-BF4B-00C04F79EFBC}") = "SimpleDocument", "Beginner\SimpleDocument\SimpleDocument.csproj", "{172BA03B-8863-4724-B22D-0DFD205CCF46}"
EndProject
Project("{FAE04EC0-301F-11D3-BF4B-00C04F79EFBC}") = "SimpleSpreadsheet", "Beginner\SimpleSpreadsheet\SimpleSpreadsheet.csproj", "{0F002123-D175-4741-8CCF-09FE09BDD98D}"
EndProject
Project("{FAE04EC0-301F-11D3-BF4B-00C04F79EFBC}") = "SpreadsheetGrouping", "Beginner\SpreadsheetGrouping (.NET)\SpreadsheetGrouping.csproj", "{172BA03B-8863-4724-B22D-0DFD225CCF46}"
EndProject
Project("{FAE04EC0-301F-11D3-BF4B-00C04F79EFBC}") = "TemplaterWeb", "Beginner\WebExample (.NET)\TemplaterWeb.csproj", "{23E06934-F41D-46DE-8845-DE2974C17588}"
EndProject
Project("{FAE04EC0-301F-11D3-BF4B-00C04F79EFBC}") = "ChartExample", "Intermediate\ChartExample\ChartExample.csproj", "{0033CD07-DC72-445C-8FB9-0562DB9AEEAA}"
EndProject
Project("{FAE04EC0-301F-11D3-BF4B-00C04F79EFBC}") = "DoubleProcessing", "Advanced\DoubleProcessing (.NET)\DoubleProcessing.csproj", "{B9C2D505-78F9-4AE9-99C5-2BC4F6739944}"
EndProject
Project("{FAE04EC0-301F-11D3-BF4B-00C04F79EFBC}") = "ExcelContextRules", "Intermediate\ExcelContextRules (.NET)\ExcelContextRules.csproj", "{D28B79F8-206A-43B0-BAE4-B3402A5162DD}"
EndProject
Project("{FAE04EC0-301F-11D3-BF4B-00C04F79EFBC}") = "ToFormulaConversion", "Beginner\ToFormulaConversion (.NET)\ToFormulaConversion.csproj", "{FC6EC7C4-51A3-4516-8F40-D71B801DE5D0}"
EndProject
Project("{FAE04EC0-301F-11D3-BF4B-00C04F79EFBC}") = "ListsAndTables", "Intermediate\ListsAndTables (.NET)\ListsAndTables.csproj", "{72F9D78C-1DB1-4858-84C5-EDF239E0F0EE}"
EndProject
Project("{FAE04EC0-301F-11D3-BF4B-00C04F79EFBC}") = "RunAll", "RunAll\RunAll.csproj", "{372658B9-0835-4B5F-98DA-E27405E1E0E4}"
EndProject
Project("{FAE04EC0-301F-11D3-BF4B-00C04F79EFBC}") = "TemplaterJson", "Intermediate\TemplaterJson (.NET)\TemplaterJson.csproj", "{2314AC0E-B6A8-4F8F-A73E-B132E34C97B8}"
EndProject
Project("{FAE04EC0-301F-11D3-BF4B-00C04F79EFBC}") = "XmlBinding", "Advanced\XmlBinding\XmlBinding.csproj", "{716992A2-B22C-463B-9D33-78CDDFB8973E}"
EndProject
Project("{FAE04EC0-301F-11D3-BF4B-00C04F79EFBC}") = "SheetReport", "Advanced\SheetReport\SheetReport.csproj", "{B3457322-FDDB-46AC-B445-2887C27BC723}"
EndProject
Project("{FAE04EC0-301F-11D3-BF4B-00C04F79EFBC}") = "DynamicResize", "Beginner\DynamicResize\DynamicResize.csproj", "{5CFBACF3-9DB6-4EE2-AAB4-503A64789C87}"
EndProject
Global
	GlobalSection(DslPlatformSolutionProperties) = preSolution
		Php.Name = Php
		Php.Target = Php
	EndGlobalSection
	GlobalSection(SolutionConfigurationPlatforms) = preSolution
		Debug|Any CPU = Debug|Any CPU
		Debug|Mixed Platforms = Debug|Mixed Platforms
		Debug|x86 = Debug|x86
		Release|Any CPU = Release|Any CPU
		Release|Mixed Platforms = Release|Mixed Platforms
		Release|x86 = Release|x86
	EndGlobalSection
	GlobalSection(ProjectConfigurationPlatforms) = postSolution
		{65F6DB34-39CD-4748-944E-D770971BAFDC}.Debug|Any CPU.ActiveCfg = Debug|x86
		{65F6DB34-39CD-4748-944E-D770971BAFDC}.Debug|Mixed Platforms.ActiveCfg = Debug|x86
		{65F6DB34-39CD-4748-944E-D770971BAFDC}.Debug|Mixed Platforms.Build.0 = Debug|x86
		{65F6DB34-39CD-4748-944E-D770971BAFDC}.Debug|x86.ActiveCfg = Debug|x86
		{65F6DB34-39CD-4748-944E-D770971BAFDC}.Debug|x86.Build.0 = Debug|x86
		{65F6DB34-39CD-4748-944E-D770971BAFDC}.Release|Any CPU.ActiveCfg = Release|x86
		{65F6DB34-39CD-4748-944E-D770971BAFDC}.Release|Mixed Platforms.ActiveCfg = Release|x86
		{65F6DB34-39CD-4748-944E-D770971BAFDC}.Release|Mixed Platforms.Build.0 = Release|x86
		{65F6DB34-39CD-4748-944E-D770971BAFDC}.Release|x86.ActiveCfg = Release|x86
		{65F6DB34-39CD-4748-944E-D770971BAFDC}.Release|x86.Build.0 = Release|x86
		{6A4C98A9-F286-4903-9072-EF5B995E28AF}.Debug|Any CPU.ActiveCfg = Debug|x86
		{6A4C98A9-F286-4903-9072-EF5B995E28AF}.Debug|Mixed Platforms.ActiveCfg = Debug|x86
		{6A4C98A9-F286-4903-9072-EF5B995E28AF}.Debug|Mixed Platforms.Build.0 = Debug|x86
		{6A4C98A9-F286-4903-9072-EF5B995E28AF}.Debug|x86.ActiveCfg = Debug|x86
		{6A4C98A9-F286-4903-9072-EF5B995E28AF}.Debug|x86.Build.0 = Debug|x86
		{6A4C98A9-F286-4903-9072-EF5B995E28AF}.Release|Any CPU.ActiveCfg = Release|x86
		{6A4C98A9-F286-4903-9072-EF5B995E28AF}.Release|Mixed Platforms.ActiveCfg = Release|x86
		{6A4C98A9-F286-4903-9072-EF5B995E28AF}.Release|Mixed Platforms.Build.0 = Release|x86
		{6A4C98A9-F286-4903-9072-EF5B995E28AF}.Release|x86.ActiveCfg = Release|x86
		{6A4C98A9-F286-4903-9072-EF5B995E28AF}.Release|x86.Build.0 = Release|x86
		{91B5E2C6-DDC4-4580-B6CC-3BF70283F8DE}.Debug|Any CPU.ActiveCfg = Debug|Any CPU
		{91B5E2C6-DDC4-4580-B6CC-3BF70283F8DE}.Debug|Any CPU.Build.0 = Debug|Any CPU
		{91B5E2C6-DDC4-4580-B6CC-3BF70283F8DE}.Debug|Mixed Platforms.ActiveCfg = Debug|Any CPU
		{91B5E2C6-DDC4-4580-B6CC-3BF70283F8DE}.Debug|Mixed Platforms.Build.0 = Debug|Any CPU
		{91B5E2C6-DDC4-4580-B6CC-3BF70283F8DE}.Debug|x86.ActiveCfg = Debug|Any CPU
		{91B5E2C6-DDC4-4580-B6CC-3BF70283F8DE}.Release|Any CPU.ActiveCfg = Release|Any CPU
		{91B5E2C6-DDC4-4580-B6CC-3BF70283F8DE}.Release|Any CPU.Build.0 = Release|Any CPU
		{91B5E2C6-DDC4-4580-B6CC-3BF70283F8DE}.Release|Mixed Platforms.ActiveCfg = Release|Any CPU
		{91B5E2C6-DDC4-4580-B6CC-3BF70283F8DE}.Release|Mixed Platforms.Build.0 = Release|Any CPU
		{91B5E2C6-DDC4-4580-B6CC-3BF70283F8DE}.Release|x86.ActiveCfg = Release|Any CPU
		{798C7619-61C3-4FC8-9C1C-5612356CD5B7}.Debug|Any CPU.ActiveCfg = Debug|Any CPU
		{798C7619-61C3-4FC8-9C1C-5612356CD5B7}.Debug|Any CPU.Build.0 = Debug|Any CPU
		{798C7619-61C3-4FC8-9C1C-5612356CD5B7}.Debug|Mixed Platforms.ActiveCfg = Debug|Any CPU
		{798C7619-61C3-4FC8-9C1C-5612356CD5B7}.Debug|Mixed Platforms.Build.0 = Debug|Any CPU
		{798C7619-61C3-4FC8-9C1C-5612356CD5B7}.Debug|x86.ActiveCfg = Debug|Any CPU
		{798C7619-61C3-4FC8-9C1C-5612356CD5B7}.Release|Any CPU.ActiveCfg = Release|Any CPU
		{798C7619-61C3-4FC8-9C1C-5612356CD5B7}.Release|Any CPU.Build.0 = Release|Any CPU
		{798C7619-61C3-4FC8-9C1C-5612356CD5B7}.Release|Mixed Platforms.ActiveCfg = Release|Any CPU
		{798C7619-61C3-4FC8-9C1C-5612356CD5B7}.Release|Mixed Platforms.Build.0 = Release|Any CPU
		{798C7619-61C3-4FC8-9C1C-5612356CD5B7}.Release|x86.ActiveCfg = Release|Any CPU
		{3DED053C-9B71-4CD7-BEA2-1CA9963D9C78}.Debug|Any CPU.ActiveCfg = Debug|x86
		{3DED053C-9B71-4CD7-BEA2-1CA9963D9C78}.Debug|Mixed Platforms.ActiveCfg = Debug|x86
		{3DED053C-9B71-4CD7-BEA2-1CA9963D9C78}.Debug|Mixed Platforms.Build.0 = Debug|x86
		{3DED053C-9B71-4CD7-BEA2-1CA9963D9C78}.Debug|x86.ActiveCfg = Debug|x86
		{3DED053C-9B71-4CD7-BEA2-1CA9963D9C78}.Debug|x86.Build.0 = Debug|x86
		{3DED053C-9B71-4CD7-BEA2-1CA9963D9C78}.Release|Any CPU.ActiveCfg = Release|x86
		{3DED053C-9B71-4CD7-BEA2-1CA9963D9C78}.Release|Mixed Platforms.ActiveCfg = Release|x86
		{3DED053C-9B71-4CD7-BEA2-1CA9963D9C78}.Release|Mixed Platforms.Build.0 = Release|x86
		{3DED053C-9B71-4CD7-BEA2-1CA9963D9C78}.Release|x86.ActiveCfg = Release|x86
		{3DED053C-9B71-4CD7-BEA2-1CA9963D9C78}.Release|x86.Build.0 = Release|x86
		{90F7EFF8-1728-4AEC-9F03-B2734BFC1542}.Debug|Any CPU.ActiveCfg = Debug|x86
		{90F7EFF8-1728-4AEC-9F03-B2734BFC1542}.Debug|Mixed Platforms.ActiveCfg = Debug|x86
		{90F7EFF8-1728-4AEC-9F03-B2734BFC1542}.Debug|Mixed Platforms.Build.0 = Debug|x86
		{90F7EFF8-1728-4AEC-9F03-B2734BFC1542}.Debug|x86.ActiveCfg = Debug|x86
		{90F7EFF8-1728-4AEC-9F03-B2734BFC1542}.Debug|x86.Build.0 = Debug|x86
		{90F7EFF8-1728-4AEC-9F03-B2734BFC1542}.Release|Any CPU.ActiveCfg = Release|x86
		{90F7EFF8-1728-4AEC-9F03-B2734BFC1542}.Release|Mixed Platforms.ActiveCfg = Release|x86
		{90F7EFF8-1728-4AEC-9F03-B2734BFC1542}.Release|Mixed Platforms.Build.0 = Release|x86
		{90F7EFF8-1728-4AEC-9F03-B2734BFC1542}.Release|x86.ActiveCfg = Release|x86
		{90F7EFF8-1728-4AEC-9F03-B2734BFC1542}.Release|x86.Build.0 = Release|x86
		{81A89939-E6C7-4EA2-8B28-FA7CEF51A2AF}.Debug|Any CPU.ActiveCfg = Debug|x86
		{81A89939-E6C7-4EA2-8B28-FA7CEF51A2AF}.Debug|Mixed Platforms.ActiveCfg = Debug|x86
		{81A89939-E6C7-4EA2-8B28-FA7CEF51A2AF}.Debug|Mixed Platforms.Build.0 = Debug|x86
		{81A89939-E6C7-4EA2-8B28-FA7CEF51A2AF}.Debug|x86.ActiveCfg = Debug|x86
		{81A89939-E6C7-4EA2-8B28-FA7CEF51A2AF}.Debug|x86.Build.0 = Debug|x86
		{81A89939-E6C7-4EA2-8B28-FA7CEF51A2AF}.Release|Any CPU.ActiveCfg = Release|x86
		{81A89939-E6C7-4EA2-8B28-FA7CEF51A2AF}.Release|Mixed Platforms.ActiveCfg = Release|x86
		{81A89939-E6C7-4EA2-8B28-FA7CEF51A2AF}.Release|Mixed Platforms.Build.0 = Release|x86
		{81A89939-E6C7-4EA2-8B28-FA7CEF51A2AF}.Release|x86.ActiveCfg = Release|x86
		{81A89939-E6C7-4EA2-8B28-FA7CEF51A2AF}.Release|x86.Build.0 = Release|x86
		{E76E5BCF-D7C9-41AC-B29A-B1BF6F3166A8}.Debug|Any CPU.ActiveCfg = Debug|x86
		{E76E5BCF-D7C9-41AC-B29A-B1BF6F3166A8}.Debug|Mixed Platforms.ActiveCfg = Debug|x86
		{E76E5BCF-D7C9-41AC-B29A-B1BF6F3166A8}.Debug|Mixed Platforms.Build.0 = Debug|x86
		{E76E5BCF-D7C9-41AC-B29A-B1BF6F3166A8}.Debug|x86.ActiveCfg = Debug|x86
		{E76E5BCF-D7C9-41AC-B29A-B1BF6F3166A8}.Debug|x86.Build.0 = Debug|x86
		{E76E5BCF-D7C9-41AC-B29A-B1BF6F3166A8}.Release|Any CPU.ActiveCfg = Release|x86
		{E76E5BCF-D7C9-41AC-B29A-B1BF6F3166A8}.Release|Mixed Platforms.ActiveCfg = Release|x86
		{E76E5BCF-D7C9-41AC-B29A-B1BF6F3166A8}.Release|Mixed Platforms.Build.0 = Release|x86
		{E76E5BCF-D7C9-41AC-B29A-B1BF6F3166A8}.Release|x86.ActiveCfg = Release|x86
		{E76E5BCF-D7C9-41AC-B29A-B1BF6F3166A8}.Release|x86.Build.0 = Release|x86
		{D8CAA4F8-5DBA-451A-B52A-AAE1BF26FCAA}.Debug|Any CPU.ActiveCfg = Debug|x86
		{D8CAA4F8-5DBA-451A-B52A-AAE1BF26FCAA}.Debug|Mixed Platforms.ActiveCfg = Debug|x86
		{D8CAA4F8-5DBA-451A-B52A-AAE1BF26FCAA}.Debug|Mixed Platforms.Build.0 = Debug|x86
		{D8CAA4F8-5DBA-451A-B52A-AAE1BF26FCAA}.Debug|x86.ActiveCfg = Debug|x86
		{D8CAA4F8-5DBA-451A-B52A-AAE1BF26FCAA}.Debug|x86.Build.0 = Debug|x86
		{D8CAA4F8-5DBA-451A-B52A-AAE1BF26FCAA}.Release|Any CPU.ActiveCfg = Release|x86
		{D8CAA4F8-5DBA-451A-B52A-AAE1BF26FCAA}.Release|Mixed Platforms.ActiveCfg = Release|x86
		{D8CAA4F8-5DBA-451A-B52A-AAE1BF26FCAA}.Release|Mixed Platforms.Build.0 = Release|x86
		{D8CAA4F8-5DBA-451A-B52A-AAE1BF26FCAA}.Release|x86.ActiveCfg = Release|x86
		{D8CAA4F8-5DBA-451A-B52A-AAE1BF26FCAA}.Release|x86.Build.0 = Release|x86
		{4C158D75-A416-460F-8F7B-57B0A4815C1A}.Debug|Any CPU.ActiveCfg = Debug|x86
		{4C158D75-A416-460F-8F7B-57B0A4815C1A}.Debug|Mixed Platforms.ActiveCfg = Debug|x86
		{4C158D75-A416-460F-8F7B-57B0A4815C1A}.Debug|Mixed Platforms.Build.0 = Debug|x86
		{4C158D75-A416-460F-8F7B-57B0A4815C1A}.Debug|x86.ActiveCfg = Debug|x86
		{4C158D75-A416-460F-8F7B-57B0A4815C1A}.Debug|x86.Build.0 = Debug|x86
		{4C158D75-A416-460F-8F7B-57B0A4815C1A}.Release|Any CPU.ActiveCfg = Release|x86
		{4C158D75-A416-460F-8F7B-57B0A4815C1A}.Release|Mixed Platforms.ActiveCfg = Release|x86
		{4C158D75-A416-460F-8F7B-57B0A4815C1A}.Release|Mixed Platforms.Build.0 = Release|x86
		{4C158D75-A416-460F-8F7B-57B0A4815C1A}.Release|x86.ActiveCfg = Release|x86
		{4C158D75-A416-460F-8F7B-57B0A4815C1A}.Release|x86.Build.0 = Release|x86
		{25A57D63-D463-4090-817A-A967C2107CBF}.Debug|Any CPU.ActiveCfg = Debug|x86
		{25A57D63-D463-4090-817A-A967C2107CBF}.Debug|Mixed Platforms.ActiveCfg = Debug|x86
		{25A57D63-D463-4090-817A-A967C2107CBF}.Debug|Mixed Platforms.Build.0 = Debug|x86
		{25A57D63-D463-4090-817A-A967C2107CBF}.Debug|x86.ActiveCfg = Debug|x86
		{25A57D63-D463-4090-817A-A967C2107CBF}.Debug|x86.Build.0 = Debug|x86
		{25A57D63-D463-4090-817A-A967C2107CBF}.Release|Any CPU.ActiveCfg = Release|x86
		{25A57D63-D463-4090-817A-A967C2107CBF}.Release|Mixed Platforms.ActiveCfg = Release|x86
		{25A57D63-D463-4090-817A-A967C2107CBF}.Release|Mixed Platforms.Build.0 = Release|x86
		{25A57D63-D463-4090-817A-A967C2107CBF}.Release|x86.ActiveCfg = Release|x86
		{25A57D63-D463-4090-817A-A967C2107CBF}.Release|x86.Build.0 = Release|x86
		{C15803E4-2567-4CFE-AF78-7D1341A4214F}.Debug|Any CPU.ActiveCfg = Debug|x86
		{C15803E4-2567-4CFE-AF78-7D1341A4214F}.Debug|Mixed Platforms.ActiveCfg = Debug|x86
		{C15803E4-2567-4CFE-AF78-7D1341A4214F}.Debug|Mixed Platforms.Build.0 = Debug|x86
		{C15803E4-2567-4CFE-AF78-7D1341A4214F}.Debug|x86.ActiveCfg = Debug|x86
		{C15803E4-2567-4CFE-AF78-7D1341A4214F}.Debug|x86.Build.0 = Debug|x86
		{C15803E4-2567-4CFE-AF78-7D1341A4214F}.Release|Any CPU.ActiveCfg = Release|x86
		{C15803E4-2567-4CFE-AF78-7D1341A4214F}.Release|Mixed Platforms.ActiveCfg = Release|x86
		{C15803E4-2567-4CFE-AF78-7D1341A4214F}.Release|Mixed Platforms.Build.0 = Release|x86
		{C15803E4-2567-4CFE-AF78-7D1341A4214F}.Release|x86.ActiveCfg = Release|x86
		{C15803E4-2567-4CFE-AF78-7D1341A4214F}.Release|x86.Build.0 = Release|x86
		{172BA03B-8863-4724-B22D-0DFD205CCF46}.Debug|Any CPU.ActiveCfg = Debug|x86
		{172BA03B-8863-4724-B22D-0DFD205CCF46}.Debug|Mixed Platforms.ActiveCfg = Debug|x86
		{172BA03B-8863-4724-B22D-0DFD205CCF46}.Debug|Mixed Platforms.Build.0 = Debug|x86
		{172BA03B-8863-4724-B22D-0DFD205CCF46}.Debug|x86.ActiveCfg = Debug|x86
		{172BA03B-8863-4724-B22D-0DFD205CCF46}.Debug|x86.Build.0 = Debug|x86
		{172BA03B-8863-4724-B22D-0DFD205CCF46}.Release|Any CPU.ActiveCfg = Release|x86
		{172BA03B-8863-4724-B22D-0DFD205CCF46}.Release|Mixed Platforms.ActiveCfg = Release|x86
		{172BA03B-8863-4724-B22D-0DFD205CCF46}.Release|Mixed Platforms.Build.0 = Release|x86
		{172BA03B-8863-4724-B22D-0DFD205CCF46}.Release|x86.ActiveCfg = Release|x86
		{172BA03B-8863-4724-B22D-0DFD205CCF46}.Release|x86.Build.0 = Release|x86
		{0F002123-D175-4741-8CCF-09FE09BDD98D}.Debug|Any CPU.ActiveCfg = Debug|x86
		{0F002123-D175-4741-8CCF-09FE09BDD98D}.Debug|Mixed Platforms.ActiveCfg = Debug|x86
		{0F002123-D175-4741-8CCF-09FE09BDD98D}.Debug|Mixed Platforms.Build.0 = Debug|x86
		{0F002123-D175-4741-8CCF-09FE09BDD98D}.Debug|x86.ActiveCfg = Debug|x86
		{0F002123-D175-4741-8CCF-09FE09BDD98D}.Debug|x86.Build.0 = Debug|x86
		{0F002123-D175-4741-8CCF-09FE09BDD98D}.Release|Any CPU.ActiveCfg = Release|x86
		{0F002123-D175-4741-8CCF-09FE09BDD98D}.Release|Mixed Platforms.ActiveCfg = Release|x86
		{0F002123-D175-4741-8CCF-09FE09BDD98D}.Release|Mixed Platforms.Build.0 = Release|x86
		{0F002123-D175-4741-8CCF-09FE09BDD98D}.Release|x86.ActiveCfg = Release|x86
		{0F002123-D175-4741-8CCF-09FE09BDD98D}.Release|x86.Build.0 = Release|x86
		{172BA03B-8863-4724-B22D-0DFD225CCF46}.Debug|Any CPU.ActiveCfg = Debug|x86
		{172BA03B-8863-4724-B22D-0DFD225CCF46}.Debug|Mixed Platforms.ActiveCfg = Debug|x86
		{172BA03B-8863-4724-B22D-0DFD225CCF46}.Debug|Mixed Platforms.Build.0 = Debug|x86
		{172BA03B-8863-4724-B22D-0DFD225CCF46}.Debug|x86.ActiveCfg = Debug|x86
		{172BA03B-8863-4724-B22D-0DFD225CCF46}.Debug|x86.Build.0 = Debug|x86
		{172BA03B-8863-4724-B22D-0DFD225CCF46}.Release|Any CPU.ActiveCfg = Release|x86
		{172BA03B-8863-4724-B22D-0DFD225CCF46}.Release|Mixed Platforms.ActiveCfg = Release|x86
		{172BA03B-8863-4724-B22D-0DFD225CCF46}.Release|Mixed Platforms.Build.0 = Release|x86
		{172BA03B-8863-4724-B22D-0DFD225CCF46}.Release|x86.ActiveCfg = Release|x86
		{172BA03B-8863-4724-B22D-0DFD225CCF46}.Release|x86.Build.0 = Release|x86
		{23E06934-F41D-46DE-8845-DE2974C17588}.Debug|Any CPU.ActiveCfg = Debug|Any CPU
		{23E06934-F41D-46DE-8845-DE2974C17588}.Debug|Any CPU.Build.0 = Debug|Any CPU
		{23E06934-F41D-46DE-8845-DE2974C17588}.Debug|Mixed Platforms.ActiveCfg = Debug|Any CPU
		{23E06934-F41D-46DE-8845-DE2974C17588}.Debug|Mixed Platforms.Build.0 = Debug|Any CPU
		{23E06934-F41D-46DE-8845-DE2974C17588}.Debug|x86.ActiveCfg = Debug|Any CPU
		{23E06934-F41D-46DE-8845-DE2974C17588}.Release|Any CPU.ActiveCfg = Release|Any CPU
		{23E06934-F41D-46DE-8845-DE2974C17588}.Release|Any CPU.Build.0 = Release|Any CPU
		{23E06934-F41D-46DE-8845-DE2974C17588}.Release|Mixed Platforms.ActiveCfg = Release|Any CPU
		{23E06934-F41D-46DE-8845-DE2974C17588}.Release|Mixed Platforms.Build.0 = Release|Any CPU
		{23E06934-F41D-46DE-8845-DE2974C17588}.Release|x86.ActiveCfg = Release|Any CPU
		{0033CD07-DC72-445C-8FB9-0562DB9AEEAA}.Debug|Any CPU.ActiveCfg = Debug|x86
		{0033CD07-DC72-445C-8FB9-0562DB9AEEAA}.Debug|Mixed Platforms.ActiveCfg = Debug|x86
		{0033CD07-DC72-445C-8FB9-0562DB9AEEAA}.Debug|Mixed Platforms.Build.0 = Debug|x86
		{0033CD07-DC72-445C-8FB9-0562DB9AEEAA}.Debug|x86.ActiveCfg = Debug|x86
		{0033CD07-DC72-445C-8FB9-0562DB9AEEAA}.Debug|x86.Build.0 = Debug|x86
		{0033CD07-DC72-445C-8FB9-0562DB9AEEAA}.Release|Any CPU.ActiveCfg = Release|x86
		{0033CD07-DC72-445C-8FB9-0562DB9AEEAA}.Release|Mixed Platforms.ActiveCfg = Release|x86
		{0033CD07-DC72-445C-8FB9-0562DB9AEEAA}.Release|Mixed Platforms.Build.0 = Release|x86
		{0033CD07-DC72-445C-8FB9-0562DB9AEEAA}.Release|x86.ActiveCfg = Release|x86
		{0033CD07-DC72-445C-8FB9-0562DB9AEEAA}.Release|x86.Build.0 = Release|x86
		{B9C2D505-78F9-4AE9-99C5-2BC4F6739944}.Debug|Any CPU.ActiveCfg = Debug|x86
		{B9C2D505-78F9-4AE9-99C5-2BC4F6739944}.Debug|Mixed Platforms.ActiveCfg = Debug|x86
		{B9C2D505-78F9-4AE9-99C5-2BC4F6739944}.Debug|Mixed Platforms.Build.0 = Debug|x86
		{B9C2D505-78F9-4AE9-99C5-2BC4F6739944}.Debug|x86.ActiveCfg = Debug|x86
		{B9C2D505-78F9-4AE9-99C5-2BC4F6739944}.Debug|x86.Build.0 = Debug|x86
		{B9C2D505-78F9-4AE9-99C5-2BC4F6739944}.Release|Any CPU.ActiveCfg = Release|x86
		{B9C2D505-78F9-4AE9-99C5-2BC4F6739944}.Release|Mixed Platforms.ActiveCfg = Release|x86
		{B9C2D505-78F9-4AE9-99C5-2BC4F6739944}.Release|Mixed Platforms.Build.0 = Release|x86
		{B9C2D505-78F9-4AE9-99C5-2BC4F6739944}.Release|x86.ActiveCfg = Release|x86
		{B9C2D505-78F9-4AE9-99C5-2BC4F6739944}.Release|x86.Build.0 = Release|x86
		{D28B79F8-206A-43B0-BAE4-B3402A5162DD}.Debug|Any CPU.ActiveCfg = Debug|x86
		{D28B79F8-206A-43B0-BAE4-B3402A5162DD}.Debug|Mixed Platforms.ActiveCfg = Debug|x86
		{D28B79F8-206A-43B0-BAE4-B3402A5162DD}.Debug|Mixed Platforms.Build.0 = Debug|x86
		{D28B79F8-206A-43B0-BAE4-B3402A5162DD}.Debug|x86.ActiveCfg = Debug|x86
		{D28B79F8-206A-43B0-BAE4-B3402A5162DD}.Debug|x86.Build.0 = Debug|x86
		{D28B79F8-206A-43B0-BAE4-B3402A5162DD}.Release|Any CPU.ActiveCfg = Release|x86
		{D28B79F8-206A-43B0-BAE4-B3402A5162DD}.Release|Mixed Platforms.ActiveCfg = Release|x86
		{D28B79F8-206A-43B0-BAE4-B3402A5162DD}.Release|Mixed Platforms.Build.0 = Release|x86
		{D28B79F8-206A-43B0-BAE4-B3402A5162DD}.Release|x86.ActiveCfg = Release|x86
		{D28B79F8-206A-43B0-BAE4-B3402A5162DD}.Release|x86.Build.0 = Release|x86
		{FC6EC7C4-51A3-4516-8F40-D71B801DE5D0}.Debug|Any CPU.ActiveCfg = Debug|x86
		{FC6EC7C4-51A3-4516-8F40-D71B801DE5D0}.Debug|Mixed Platforms.ActiveCfg = Debug|x86
		{FC6EC7C4-51A3-4516-8F40-D71B801DE5D0}.Debug|Mixed Platforms.Build.0 = Debug|x86
		{FC6EC7C4-51A3-4516-8F40-D71B801DE5D0}.Debug|x86.ActiveCfg = Debug|x86
		{FC6EC7C4-51A3-4516-8F40-D71B801DE5D0}.Debug|x86.Build.0 = Debug|x86
		{FC6EC7C4-51A3-4516-8F40-D71B801DE5D0}.Release|Any CPU.ActiveCfg = Release|x86
		{FC6EC7C4-51A3-4516-8F40-D71B801DE5D0}.Release|Mixed Platforms.ActiveCfg = Release|x86
		{FC6EC7C4-51A3-4516-8F40-D71B801DE5D0}.Release|Mixed Platforms.Build.0 = Release|x86
		{FC6EC7C4-51A3-4516-8F40-D71B801DE5D0}.Release|x86.ActiveCfg = Release|x86
		{FC6EC7C4-51A3-4516-8F40-D71B801DE5D0}.Release|x86.Build.0 = Release|x86
		{72F9D78C-1DB1-4858-84C5-EDF239E0F0EE}.Debug|Any CPU.ActiveCfg = Debug|x86
		{72F9D78C-1DB1-4858-84C5-EDF239E0F0EE}.Debug|Mixed Platforms.ActiveCfg = Debug|x86
		{72F9D78C-1DB1-4858-84C5-EDF239E0F0EE}.Debug|Mixed Platforms.Build.0 = Debug|x86
		{72F9D78C-1DB1-4858-84C5-EDF239E0F0EE}.Debug|x86.ActiveCfg = Debug|x86
		{72F9D78C-1DB1-4858-84C5-EDF239E0F0EE}.Debug|x86.Build.0 = Debug|x86
		{72F9D78C-1DB1-4858-84C5-EDF239E0F0EE}.Release|Any CPU.ActiveCfg = Release|x86
		{72F9D78C-1DB1-4858-84C5-EDF239E0F0EE}.Release|Mixed Platforms.ActiveCfg = Release|x86
		{72F9D78C-1DB1-4858-84C5-EDF239E0F0EE}.Release|Mixed Platforms.Build.0 = Release|x86
		{72F9D78C-1DB1-4858-84C5-EDF239E0F0EE}.Release|x86.ActiveCfg = Release|x86
		{72F9D78C-1DB1-4858-84C5-EDF239E0F0EE}.Release|x86.Build.0 = Release|x86
		{372658B9-0835-4B5F-98DA-E27405E1E0E4}.Debug|Any CPU.ActiveCfg = Debug|x86
		{372658B9-0835-4B5F-98DA-E27405E1E0E4}.Debug|Mixed Platforms.ActiveCfg = Debug|x86
		{372658B9-0835-4B5F-98DA-E27405E1E0E4}.Debug|Mixed Platforms.Build.0 = Debug|x86
		{372658B9-0835-4B5F-98DA-E27405E1E0E4}.Debug|x86.ActiveCfg = Debug|x86
		{372658B9-0835-4B5F-98DA-E27405E1E0E4}.Debug|x86.Build.0 = Debug|x86
		{372658B9-0835-4B5F-98DA-E27405E1E0E4}.Release|Any CPU.ActiveCfg = Release|x86
		{372658B9-0835-4B5F-98DA-E27405E1E0E4}.Release|Mixed Platforms.ActiveCfg = Release|x86
		{372658B9-0835-4B5F-98DA-E27405E1E0E4}.Release|Mixed Platforms.Build.0 = Release|x86
		{372658B9-0835-4B5F-98DA-E27405E1E0E4}.Release|x86.ActiveCfg = Release|x86
		{372658B9-0835-4B5F-98DA-E27405E1E0E4}.Release|x86.Build.0 = Release|x86
		{2314AC0E-B6A8-4F8F-A73E-B132E34C97B8}.Debug|Any CPU.ActiveCfg = Debug|x86
		{2314AC0E-B6A8-4F8F-A73E-B132E34C97B8}.Debug|Mixed Platforms.ActiveCfg = Debug|x86
		{2314AC0E-B6A8-4F8F-A73E-B132E34C97B8}.Debug|Mixed Platforms.Build.0 = Debug|x86
		{2314AC0E-B6A8-4F8F-A73E-B132E34C97B8}.Debug|x86.ActiveCfg = Debug|x86
		{2314AC0E-B6A8-4F8F-A73E-B132E34C97B8}.Debug|x86.Build.0 = Debug|x86
		{2314AC0E-B6A8-4F8F-A73E-B132E34C97B8}.Release|Any CPU.ActiveCfg = Release|x86
		{2314AC0E-B6A8-4F8F-A73E-B132E34C97B8}.Release|Mixed Platforms.ActiveCfg = Release|x86
		{2314AC0E-B6A8-4F8F-A73E-B132E34C97B8}.Release|Mixed Platforms.Build.0 = Release|x86
		{2314AC0E-B6A8-4F8F-A73E-B132E34C97B8}.Release|x86.ActiveCfg = Release|x86
		{2314AC0E-B6A8-4F8F-A73E-B132E34C97B8}.Release|x86.Build.0 = Release|x86
		{716992A2-B22C-463B-9D33-78CDDFB8973E}.Debug|Any CPU.ActiveCfg = Debug|x86
		{716992A2-B22C-463B-9D33-78CDDFB8973E}.Debug|Mixed Platforms.ActiveCfg = Debug|x86
		{716992A2-B22C-463B-9D33-78CDDFB8973E}.Debug|Mixed Platforms.Build.0 = Debug|x86
		{716992A2-B22C-463B-9D33-78CDDFB8973E}.Debug|x86.ActiveCfg = Debug|x86
		{716992A2-B22C-463B-9D33-78CDDFB8973E}.Debug|x86.Build.0 = Debug|x86
		{716992A2-B22C-463B-9D33-78CDDFB8973E}.Release|Any CPU.ActiveCfg = Release|x86
		{716992A2-B22C-463B-9D33-78CDDFB8973E}.Release|Mixed Platforms.ActiveCfg = Release|x86
		{716992A2-B22C-463B-9D33-78CDDFB8973E}.Release|Mixed Platforms.Build.0 = Release|x86
		{716992A2-B22C-463B-9D33-78CDDFB8973E}.Release|x86.ActiveCfg = Release|x86
		{716992A2-B22C-463B-9D33-78CDDFB8973E}.Release|x86.Build.0 = Release|x86
		{B3457322-FDDB-46AC-B445-2887C27BC723}.Debug|Any CPU.ActiveCfg = Debug|x86
		{B3457322-FDDB-46AC-B445-2887C27BC723}.Debug|Mixed Platforms.ActiveCfg = Debug|x86
		{B3457322-FDDB-46AC-B445-2887C27BC723}.Debug|Mixed Platforms.Build.0 = Debug|x86
		{B3457322-FDDB-46AC-B445-2887C27BC723}.Debug|x86.ActiveCfg = Debug|x86
		{B3457322-FDDB-46AC-B445-2887C27BC723}.Debug|x86.Build.0 = Debug|x86
		{B3457322-FDDB-46AC-B445-2887C27BC723}.Release|Any CPU.ActiveCfg = Release|x86
		{B3457322-FDDB-46AC-B445-2887C27BC723}.Release|Mixed Platforms.ActiveCfg = Release|x86
		{B3457322-FDDB-46AC-B445-2887C27BC723}.Release|Mixed Platforms.Build.0 = Release|x86
		{B3457322-FDDB-46AC-B445-2887C27BC723}.Release|x86.ActiveCfg = Release|x86
		{B3457322-FDDB-46AC-B445-2887C27BC723}.Release|x86.Build.0 = Release|x86
		{5CFBACF3-9DB6-4EE2-AAB4-503A64789C87}.Debug|Any CPU.ActiveCfg = Debug|x86
		{5CFBACF3-9DB6-4EE2-AAB4-503A64789C87}.Debug|Mixed Platforms.ActiveCfg = Debug|x86
		{5CFBACF3-9DB6-4EE2-AAB4-503A64789C87}.Debug|Mixed Platforms.Build.0 = Debug|x86
		{5CFBACF3-9DB6-4EE2-AAB4-503A64789C87}.Debug|x86.ActiveCfg = Debug|x86
		{5CFBACF3-9DB6-4EE2-AAB4-503A64789C87}.Debug|x86.Build.0 = Debug|x86
		{5CFBACF3-9DB6-4EE2-AAB4-503A64789C87}.Release|Any CPU.ActiveCfg = Release|x86
		{5CFBACF3-9DB6-4EE2-AAB4-503A64789C87}.Release|Mixed Platforms.ActiveCfg = Release|x86
		{5CFBACF3-9DB6-4EE2-AAB4-503A64789C87}.Release|Mixed Platforms.Build.0 = Release|x86
		{5CFBACF3-9DB6-4EE2-AAB4-503A64789C87}.Release|x86.ActiveCfg = Release|x86
		{5CFBACF3-9DB6-4EE2-AAB4-503A64789C87}.Release|x86.Build.0 = Release|x86
	EndGlobalSection
	GlobalSection(SolutionProperties) = preSolution
		HideSolutionNode = FALSE
	EndGlobalSection
EndGlobal
