
Microsoft Visual Studio Solution File, Format Version 11.00
# Visual Studio 2010
Project("{FAE04EC0-301F-11D3-BF4B-00C04F79EFBC}") = "IsoCountries", "IsoCountries.csproj", "{90F7EFF8-1728-4AEC-9F03-B2734BFC1542}"
EndProject
Global
	GlobalSection(SolutionConfigurationPlatforms) = preSolution
		Debug|Any CPU = Debug|Any CPU
		Debug|Mixed Platforms = Debug|Mixed Platforms
		Debug|x86 = Debug|x86
		Release|Any CPU = Release|Any CPU
		Release|Mixed Platforms = Release|Mixed Platforms
		Release|x86 = Release|x86
	EndGlobalSection
	GlobalSection(ProjectConfigurationPlatforms) = postSolution
		{90F7EFF8-1728-4AEC-9F03-B2734BFC1542}.Debug|Any CPU.ActiveCfg = Debug|x86
		{90F7EFF8-1728-4AEC-9F03-B2734BFC1542}.Debug|Mixed Platforms.ActiveCfg = Debug|x86
		{90F7EFF8-1728-4AEC-9F03-B2734BFC1542}.Debug|Mixed Platforms.Build.0 = Debug|x86
		{90F7EFF8-1728-4AEC-9F03-B2734BFC1542}.Debug|x86.ActiveCfg = Debug|x86
		{90F7EFF8-1728-4AEC-9F03-B2734BFC1542}.Debug|x86.Build.0 = Debug|x86
		{90F7EFF8-1728-4AEC-9F03-B2734BFC1542}.Release|Any CPU.ActiveCfg = Release|x86
		{90F7EFF8-1728-4AEC-9F03-B2734BFC1542}.Release|Mixed Platforms.ActiveCfg = Release|x86
		{90F7EFF8-1728-4AEC-9F03-B2734BFC1542}.Release|Mixed Platforms.Build.0 = Release|x86
		{90F7EFF8-1728-4AEC-9F03-B2734BFC1542}.Release|x86.ActiveCfg = Release|x86
		{90F7EFF8-1728-4AEC-9F03-B2734BFC1542}.Release|x86.Build.0 = Release|x86
	EndGlobalSection
	GlobalSection(SolutionProperties) = preSolution
		HideSolutionNode = FALSE
	EndGlobalSection
EndGlobal
